{
    "_meta": {
        "hash": {
            "sha256": "cbb0242fedb728eef2d2f7363397feda72f17b9e8795257020dfdb00f1e39d41"
        },
        "pipfile-spec": 6,
        "requires": {
            "python_version": "3.11"
        },
        "sources": [
            {
                "name": "pypi",
                "url": "https://pypi.org/simple",
                "verify_ssl": true
            }
        ]
    },
    "default": {
        "blinker": {
            "hashes": [
                "sha256:1779309f71bf239144b9399d06ae925637cf6634cf6bd131104184531bf67c01",
                "sha256:8f77b09d3bf7c795e969e9486f39c2c5e9c39d4ee07424be2bc594ece9642d83"
            ],
            "markers": "python_version >= '3.8'",
            "version": "==1.8.2"
        },
        "certifi": {
            "hashes": [
                "sha256:922820b53db7a7257ffbda3f597266d435245903d80737e34f8a45ff3e3230d8",
                "sha256:bec941d2aa8195e248a60b31ff9f0558284cf01a52591ceda73ea9afffd69fd9"
            ],
            "markers": "python_version >= '3.6'",
            "version": "==2024.8.30"
        },
        "click": {
            "hashes": [
                "sha256:ae74fb96c20a0277a1d615f1e4d73c8414f5a98db8b799a7931d1582f3390c28",
                "sha256:ca9853ad459e787e2192211578cc907e7594e294c7ccc834310722b41b9ca6de"
            ],
            "markers": "python_version >= '3.7'",
            "version": "==8.1.7"
        },
        "elastic-transport": {
            "hashes": [
                "sha256:9cac4ab5cf9402668cf305ae0b7d93ddc0c7b61461d6d1027850db6da9cc5742",
                "sha256:b5e82ff1679d8c7705a03fd85c7f6ef85d6689721762d41228dd312e34f331fc"
            ],
            "markers": "python_version >= '3.8'",
            "version": "==8.15.1"
        },
        "elasticsearch": {
            "hashes": [
                "sha256:02a0476e98768a30d7926335fc0d305c04fdb928eea1354c6e6040d8c2814569",
                "sha256:40c0d312f8adf8bdc81795bc16a0b546ddf544cb1f90e829a244e4780c4dbfd8"
            ],
            "index": "pypi",
            "markers": "python_version >= '3.8'",
            "version": "==8.15.1"
        },
        "flask": {
            "hashes": [
                "sha256:34e815dfaa43340d1d15a5c3a02b8476004037eb4840b34910c6e21679d288f3",
                "sha256:ceb27b0af3823ea2737928a4d99d125a06175b8512c445cbd9a9ce200ef76842"
            ],
            "index": "pypi",
            "markers": "python_version >= '3.8'",
            "version": "==3.0.3"
        },
        "fuzzywuzzy": {
            "hashes": [
                "sha256:45016e92264780e58972dca1b3d939ac864b78437422beecebb3095f8efd00e8",
                "sha256:928244b28db720d1e0ee7587acf660ea49d7e4c632569cad4f1cd7e68a5f0993"
            ],
            "index": "pypi",
            "version": "==0.18.0"
        },
        "itsdangerous": {
            "hashes": [
                "sha256:c6242fc49e35958c8b15141343aa660db5fc54d4f13a1db01a3f5891b98700ef",
                "sha256:e0050c0b7da1eea53ffaf149c0cfbb5c6e2e2b69c4bef22c81fa6eb73e5f6173"
            ],
            "markers": "python_version >= '3.8'",
            "version": "==2.2.0"
        },
        "jinja2": {
            "hashes": [
                "sha256:4a3aee7acbbe7303aede8e9648d13b8bf88a429282aa6122a993f0ac800cb369",
                "sha256:bc5dd2abb727a5319567b7a813e6a2e7318c39f4f487cfe6c89c6f9c7d25197d"
            ],
            "markers": "python_version >= '3.7'",
            "version": "==3.1.4"
        },
        "levenshtein": {
            "hashes": [
                "sha256:0560746b2c40cdd25458cb4a065e4d7ffbb245783638f5b0173cfd135f9d6664",
                "sha256:0576b0e817904adc621077761e71c97555ae9e698e712b0bdbe868464444200b",
                "sha256:07ffd78569ca80adfd55172156faac35eb12ccd375d6d51ba4512b0346337cbf",
                "sha256:0afb8bd5bc2d686d34ed721399d78359d104c7483a740b262fd260357599e318",
                "sha256:0c06ddb9149ee0f25ba334ad04ee3f782be3e64ab4bf8b9f34d6e4bf19a22880",
                "sha256:14c96604ce1228922094ea266d9927227ab129e939b3e5dd84fee07390b72b5f",
                "sha256:16a3f4d0bcdbd0d14e0c49844a2ac02d8acece9f6cce41ea437c1d07ac536ec1",
                "sha256:17c9e1d7bbde972c09e2c6578392ff0668697db8f815649594b984ed2b0b2843",
                "sha256:1bf886afed2304e0022c33ed644afb719411cce4d4af11ba5bb040f05d9f00c1",
                "sha256:2150961cff9cfcfd4b5e4c1a5c90b2d4520a7d9cb65cd070cda5601b7f099496",
                "sha256:22c40516cc830aeeb18b09bd96ec32378b7e52e201d67e86dfb7f6a2e3bf3b3d",
                "sha256:247767593ede88f3ddbd4f948ed30817cb751e25a335b35ec2332752021e4e10",
                "sha256:2b3aa9a0b844ddaeb6f5317eb4e85b5748901cf40c9a9b0d3a8bf76ef9d3cccc",
                "sha256:3baa2c8ebc1f3b773ffb010e03e7319098323618f919c5db2c7188e439d13602",
                "sha256:3cc288a6ab97a3ccd980d8a0465378b99eb53e32232f99279092a97578c4b2e9",
                "sha256:3e265812db8b04e6ae159751c7a82d6e0e5025223bd330fc9104a8a5beeeb7cf",
                "sha256:3e8e373586026d71ec2053300ef46c5268fe41a29d9f58a724487e3f060502db",
                "sha256:47a4d8c58114c2b9a4318dcb8e2a0dc8446ec3ec637b051f3dbe27555786f603",
                "sha256:4931c8263e06edbece310b1f8e03bfcb74f211863a85058b46cdf8460a4136af",
                "sha256:4a0ed02c8aaef0903b72fe0da88d9d24d7964b07dbc123997e549ac165efad8d",
                "sha256:4ecf7d755304d2ffab2ee808100f5e87889347b572c61c97d9f4f9a318806713",
                "sha256:52a7407416723cd7163238b16b7c0eba4b30bc53f549e803e654f1df6824e0b5",
                "sha256:54200110ba27c20cb2e3bc48cf855d7d910c6704a47caefe97ced8c59ee075b4",
                "sha256:588094f406d5cb01dbf74201f8b4fe345d2b92a789997eb5371dad754f831d5b",
                "sha256:5cefa552c5190e912f0fe39b62a5b08597d1256f330ed2c459ba724947458282",
                "sha256:6170cbbec2ffc3df86adf2f457f83a22df99b6c4e2b21c76bc9a67b23c2940d1",
                "sha256:64bfad7270c2fc0f872f6ca2e26cc091efebfb64b7b1ae156123c2304fbcbae4",
                "sha256:651b011617937d18f671450c8294d11b5b556b09e33ac038b923ae6496e35d31",
                "sha256:68a165bd91dab44c2b91c8278e3728f0da98cb48b1ed7f263bfdf616efcf4932",
                "sha256:71a3afbfc7d97fd536f128084a20c2a79b5d79995c7111eced1baf4d103ea6d4",
                "sha256:7211e700ddca453efe49bdce57c84073451667873d80037c73c1f55840d08e70",
                "sha256:754669e9b82795cfc3ca0d70f2e715b58ff4d0f7e7f4e77fc6539543439ae22c",
                "sha256:75e2567bf64e422843d0f67917938c0235a9292b395076dd5f8bbb731d1c3058",
                "sha256:770dc2973c9c76598d68b736319c2b2b6fad1f88837119a92e9124ff2167cc49",
                "sha256:77422c5da5cfd8455a8835329d965e24250b0f0c1398e0a6362879f00d18f27c",
                "sha256:7aabafb951b96ca6e0f981b1edb3ec81b41c010b7437758e275393768fa84453",
                "sha256:7acff8e4335f18bb5b60cbd310957cf46c964f0b5bc1cc82fe6647c45309b9f8",
                "sha256:7ce82de94989df4367ff38de2c4193bf0ea77b4e207ae60e98876922007a0f81",
                "sha256:8104cb5642277439c07091c160ad3b1c3d20c160db8dbf5306871f065721e5e8",
                "sha256:830b1993e3e945b213a6b73ceca8b555147a6ecd7323e4959b80dee35abfc7fc",
                "sha256:88f051a0a4eec22cd8071634d5a2ee40d9810080e3b6d1e61e4fbe2a7a7ece3d",
                "sha256:8a9949dd238e8c1bd27669a1bf66a5507eed2fd486130b30b2df44cc4f238a3c",
                "sha256:8c58cb6c9f90f9b11d6b478e2da6ac1f0bcb5ea9608a5611088d30f782ee5920",
                "sha256:912fe5a3bcc970ab4b97e7e83ea118cf9a98831813535efa0f499b0b4df032dd",
                "sha256:9238be73beff55e2b285ac393573274e55233e7270cb6484fa4550b775016705",
                "sha256:93a949fabc6280ab44a6252d780577715e8e71a63a295c4730ce5490006ae1f5",
                "sha256:960b020d96bbd348400d6ff5c16290adee49f0ae2d42707a550a3b4f7d092abe",
                "sha256:968731244a7d56354c912c054e7b6ea33c3700632ef7cab1c895b3110e86dc7b",
                "sha256:a01150b33505596be83bff9f6f06f53bc1a14fd5e36e840dc134822c6ba20e00",
                "sha256:a30d30485eec8a2efe72d639fb9c33f0991416a6ddb490d6f0eef01c9dc79b7a",
                "sha256:a492bd9e0075ed5f748ac000ffff581d7652f6cb2cf1d9ec9de3d12270dfc225",
                "sha256:a541040a01333994e5a037cb4e2c2b0e2496a2141facf63bbc9b359fe9f5b1dd",
                "sha256:a68f863bef8a5301bc7ca4b99f2f8d666b5edcd30dca6234ee6cd541ca8a8f4e",
                "sha256:abc4618610ec6fff1c894fc931bc8b57c6d1ad7b8b9acafa685e19a84f521f8b",
                "sha256:ad6da19613e53c288bd130fadb91937b0ba849013065ddd377568cdd90611caa",
                "sha256:baf0c8c09d5c55f136b62e201886c4b93b4abbdbde0475f67dd8fc278bb403f7",
                "sha256:bcbd4403c630755a5f898e6905975c1a8bb2c71a756d399f93811f82b5c0b1b3",
                "sha256:bf2561d9077367aa01f3c6caf6132cec84b2b9a481f64f14f35f9e976a353605",
                "sha256:c2d3f8cf45deeb6d0faa9df089c0e36e457236fc66aa31e67d3e7c15336e8401",
                "sha256:c311554a220a12110d2640ee245d74f07b25cdc0acc04c625ab2bdf708f3bf84",
                "sha256:c49a20ddb119ab2d56e7e4d62e43602dff8c397718be4f00474723b40d626a7f",
                "sha256:c532571fabd8a23fa12971f432cd17ababa031dee6efbaa8fa31380876593a3e",
                "sha256:c5d21d3b08ceb7e544fae04897e211e43fb3500c9b3a8e74d08468b015c7270d",
                "sha256:c68b6e6c74ce9056370559196177b9e514ba20611a1ce9545dcd366d8a97cc60",
                "sha256:c95201c7425cdff12ed16ff0a15af52c46477935e7589d1dc6ebd24f416c9ed8",
                "sha256:ca2735baf43fb540be7d3cf24eb2fc97a395e9e85ec8fae64199f3b2ccbf5c5c",
                "sha256:cbd4775e0e88e209cbb4f722d39d057531138dafbd07e36c4b33eb18e29494ef",
                "sha256:d0fa54bd453b8b347139b4ef940d717939c6a8966fdbcde2cf8d70316497e292",
                "sha256:d526636efb6e727dce5f67eb3437079f1d5d71dd2c0a2b6f48a62791a789764e",
                "sha256:d9c8ac0f4ae2de173b6ccc3d0b379d1aa4212f653badc324fb5aa868e304e847",
                "sha256:dafc593a6e346fec5520f5dec9d87f4894aa9d584ccad43ce9fdcc363d9e9c34",
                "sha256:de7727a57d1241f8c2d53a9f70642f48891514789bbd4daa0f90547b4e0bf70f",
                "sha256:e40e9a2c6482f6cce9046693844b33c492f35e57c849a0e104b03234ef3a31f6",
                "sha256:e5fb23bf35ef1094d00415bb2116dd862fb919adc4044436508029dafedfd687",
                "sha256:e8a34d41c7b392df98fce7c8353ea87cbbbf39239db141096ded00f4e1e75e6e",
                "sha256:ea97df5fecf4195ed24aa4c245e5b6cf42527a5818bd7d0d92ba8c7425828861",
                "sha256:eb13782c15c2c0f5a74e920a9c9c26da5730830c13809bcb7a32876f1a4fb643",
                "sha256:ed1c1354f0f1e4736c2fb6f91e3913b63e38c8873a228a299f656bdaf788e1eb",
                "sha256:f88d05187622366b529b25b130a8fad6497d7b6189e82198ce67d3921c3e418c",
                "sha256:fd953f8952c825c5d7112e9d64136afc8c7c122b9facc3ec4f9f87591a85e6d1",
                "sha256:fe230c754f628f6d266b8d970f8556775fb0a9c05027f807754312af7927b2ed"
            ],
            "markers": "python_version >= '3.9'",
            "version": "==0.26.0"
        },
        "markupsafe": {
            "hashes": [
                "sha256:0bff5e0ae4ef2e1ae4fdf2dfd5b76c75e5c2fa4132d05fc1b0dabcd20c7e28c4",
                "sha256:0f4ca02bea9a23221c0182836703cbf8930c5e9454bacce27e767509fa286a30",
                "sha256:1225beacc926f536dc82e45f8a4d68502949dc67eea90eab715dea3a21c1b5f0",
                "sha256:131a3c7689c85f5ad20f9f6fb1b866f402c445b220c19fe4308c0b147ccd2ad9",
                "sha256:15ab75ef81add55874e7ab7055e9c397312385bd9ced94920f2802310c930396",
                "sha256:1a9d3f5f0901fdec14d8d2f66ef7d035f2157240a433441719ac9a3fba440b13",
                "sha256:1c99d261bd2d5f6b59325c92c73df481e05e57f19837bdca8413b9eac4bd8028",
                "sha256:1e084f686b92e5b83186b07e8a17fc09e38fff551f3602b249881fec658d3eca",
                "sha256:2181e67807fc2fa785d0592dc2d6206c019b9502410671cc905d132a92866557",
                "sha256:2cb8438c3cbb25e220c2ab33bb226559e7afb3baec11c4f218ffa7308603c832",
                "sha256:3169b1eefae027567d1ce6ee7cae382c57fe26e82775f460f0b2778beaad66c0",
                "sha256:3809ede931876f5b2ec92eef964286840ed3540dadf803dd570c3b7e13141a3b",
                "sha256:38a9ef736c01fccdd6600705b09dc574584b89bea478200c5fbf112a6b0d5579",
                "sha256:3d79d162e7be8f996986c064d1c7c817f6df3a77fe3d6859f6f9e7be4b8c213a",
                "sha256:444dcda765c8a838eaae23112db52f1efaf750daddb2d9ca300bcae1039adc5c",
                "sha256:48032821bbdf20f5799ff537c7ac3d1fba0ba032cfc06194faffa8cda8b560ff",
                "sha256:4aa4e5faecf353ed117801a068ebab7b7e09ffb6e1d5e412dc852e0da018126c",
                "sha256:52305740fe773d09cffb16f8ed0427942901f00adedac82ec8b67752f58a1b22",
                "sha256:569511d3b58c8791ab4c2e1285575265991e6d8f8700c7be0e88f86cb0672094",
                "sha256:57cb5a3cf367aeb1d316576250f65edec5bb3be939e9247ae594b4bcbc317dfb",
                "sha256:5b02fb34468b6aaa40dfc198d813a641e3a63b98c2b05a16b9f80b7ec314185e",
                "sha256:6381026f158fdb7c72a168278597a5e3a5222e83ea18f543112b2662a9b699c5",
                "sha256:6af100e168aa82a50e186c82875a5893c5597a0c1ccdb0d8b40240b1f28b969a",
                "sha256:6c89876f41da747c8d3677a2b540fb32ef5715f97b66eeb0c6b66f5e3ef6f59d",
                "sha256:6e296a513ca3d94054c2c881cc913116e90fd030ad1c656b3869762b754f5f8a",
                "sha256:70a87b411535ccad5ef2f1df5136506a10775d267e197e4cf531ced10537bd6b",
                "sha256:7e94c425039cde14257288fd61dcfb01963e658efbc0ff54f5306b06054700f8",
                "sha256:846ade7b71e3536c4e56b386c2a47adf5741d2d8b94ec9dc3e92e5e1ee1e2225",
                "sha256:88416bd1e65dcea10bc7569faacb2c20ce071dd1f87539ca2ab364bf6231393c",
                "sha256:88b49a3b9ff31e19998750c38e030fc7bb937398b1f78cfa599aaef92d693144",
                "sha256:8c4e8c3ce11e1f92f6536ff07154f9d49677ebaaafc32db9db4620bc11ed480f",
                "sha256:8e06879fc22a25ca47312fbe7c8264eb0b662f6db27cb2d3bbbc74b1df4b9b87",
                "sha256:9025b4018f3a1314059769c7bf15441064b2207cb3f065e6ea1e7359cb46db9d",
                "sha256:93335ca3812df2f366e80509ae119189886b0f3c2b81325d39efdb84a1e2ae93",
                "sha256:9778bd8ab0a994ebf6f84c2b949e65736d5575320a17ae8984a77fab08db94cf",
                "sha256:9e2d922824181480953426608b81967de705c3cef4d1af983af849d7bd619158",
                "sha256:a123e330ef0853c6e822384873bef7507557d8e4a082961e1defa947aa59ba84",
                "sha256:a904af0a6162c73e3edcb969eeeb53a63ceeb5d8cf642fade7d39e7963a22ddb",
                "sha256:ad10d3ded218f1039f11a75f8091880239651b52e9bb592ca27de44eed242a48",
                "sha256:b424c77b206d63d500bcb69fa55ed8d0e6a3774056bdc4839fc9298a7edca171",
                "sha256:b5a6b3ada725cea8a5e634536b1b01c30bcdcd7f9c6fff4151548d5bf6b3a36c",
                "sha256:ba8062ed2cf21c07a9e295d5b8a2a5ce678b913b45fdf68c32d95d6c1291e0b6",
                "sha256:ba9527cdd4c926ed0760bc301f6728ef34d841f405abf9d4f959c478421e4efd",
                "sha256:bbcb445fa71794da8f178f0f6d66789a28d7319071af7a496d4d507ed566270d",
                "sha256:bcf3e58998965654fdaff38e58584d8937aa3096ab5354d493c77d1fdd66d7a1",
                "sha256:c0ef13eaeee5b615fb07c9a7dadb38eac06a0608b41570d8ade51c56539e509d",
                "sha256:cabc348d87e913db6ab4aa100f01b08f481097838bdddf7c7a84b7575b7309ca",
                "sha256:cdb82a876c47801bb54a690c5ae105a46b392ac6099881cdfb9f6e95e4014c6a",
                "sha256:cfad01eed2c2e0c01fd0ecd2ef42c492f7f93902e39a42fc9ee1692961443a29",
                "sha256:d16a81a06776313e817c951135cf7340a3e91e8c1ff2fac444cfd75fffa04afe",
                "sha256:d8213e09c917a951de9d09ecee036d5c7d36cb6cb7dbaece4c71a60d79fb9798",
                "sha256:e07c3764494e3776c602c1e78e298937c3315ccc9043ead7e685b7f2b8d47b3c",
                "sha256:e17c96c14e19278594aa4841ec148115f9c7615a47382ecb6b82bd8fea3ab0c8",
                "sha256:e444a31f8db13eb18ada366ab3cf45fd4b31e4db1236a4448f68778c1d1a5a2f",
                "sha256:e6a2a455bd412959b57a172ce6328d2dd1f01cb2135efda2e4576e8a23fa3b0f",
                "sha256:eaa0a10b7f72326f1372a713e73c3f739b524b3af41feb43e4921cb529f5929a",
                "sha256:eb7972a85c54febfb25b5c4b4f3af4dcc731994c7da0d8a0b4a6eb0640e1d178",
                "sha256:ee55d3edf80167e48ea11a923c7386f4669df67d7994554387f84e7d8b0a2bf0",
                "sha256:f3818cb119498c0678015754eba762e0d61e5b52d34c8b13d770f0719f7b1d79",
                "sha256:f8b3d067f2e40fe93e1ccdd6b2e1d16c43140e76f02fb1319a05cf2b79d99430",
                "sha256:fcabf5ff6eea076f859677f5f0b6b5c1a51e70a376b0579e0eadef8db48c6b50"
            ],
            "markers": "python_version >= '3.9'",
            "version": "==3.0.2"
        },
        "python-levenshtein": {
            "hashes": [
                "sha256:1d808ba2f9df04aaea5eceba6e73734f2ffeba99d98d2a91078f32276cd041f4",
                "sha256:b454dd13708546649f1cba2a0f450dd98e7c1679a92e2d6f0a8b8c013c276e55"
            ],
            "index": "pypi",
            "markers": "python_version >= '3.9'",
            "version": "==0.26.0"
        },
        "rapidfuzz": {
            "hashes": [
                "sha256:094c26116d55bf9c53abd840d08422f20da78ec4c4723e5024322321caedca48",
                "sha256:0ec338d5f4ad8d9339a88a08db5c23e7f7a52c2b2a10510c48a0cef1fb3f0ddc",
                "sha256:10fdad800441b9c97d471a937ba7d42625f1b530db05e572f1cb7d401d95c893",
                "sha256:116c71a81e046ba56551d8ab68067ca7034d94b617545316d460a452c5c3c289",
                "sha256:1af60988d47534246d9525f77288fdd9de652608a4842815d9018570b959acc6",
                "sha256:2026651761bf83a0f31495cc0f70840d5c0d54388f41316e3f9cb51bd85e49a5",
                "sha256:20bd153aacc244e4c907d772c703fea82754c4db14f8aa64d75ff81b7b8ab92d",
                "sha256:26de93e6495078b6af4c4d93a42ca067b16cc0e95699526c82ab7d1025b4d3bf",
                "sha256:288f6f6e7410cacb115fb851f3f18bf0e4231eb3f6cb5bd1cec0e7b25c4d039d",
                "sha256:2db9187f3acf3cd33424ecdbaad75414c298ecd1513470df7bda885dcb68cc15",
                "sha256:2e9be5d05cd960914024412b5406fb75a82f8562f45912ff86255acbfdbfb78e",
                "sha256:2fe5783676f0afba4a522c80b15e99dbf4e393c149ab610308a8ef1f04c6bcc8",
                "sha256:3084161fc3e963056232ef8d937449a2943852e07101f5a136c8f3cfa4119217",
                "sha256:34f213d59219a9c3ca14e94a825f585811a68ac56b4118b4dc388b5b14afc108",
                "sha256:399b9b79ccfcf50ca3bad7692bc098bb8eade88d7d5e15773b7f866c91156d0c",
                "sha256:43dfc5e733808962a822ff6d9c29f3039a3cfb3620706f5953e17cfe4496724c",
                "sha256:457827ba82261aa2ae6ac06a46d0043ab12ba7216b82d87ae1434ec0f29736d6",
                "sha256:47aca565a39c9a6067927871973ca827023e8b65ba6c5747f4c228c8d7ddc04f",
                "sha256:4bd1a7676ee2a4c8e2f7f2550bece994f9f89e58afb96088964145a83af7408b",
                "sha256:4dd3d8443970eaa02ab5ae45ce584b061f2799cd9f7e875190e2617440c1f9d4",
                "sha256:4df75b3ebbb8cfdb9bf8b213b168620b88fd92d0c16a8bc9f9234630b282db59",
                "sha256:50484d563f8bfa723c74c944b0bb15b9e054db9c889348c8c307abcbee75ab92",
                "sha256:50e3d0c72ea15391ba9531ead7f2068a67c5b18a6a365fef3127583aaadd1725",
                "sha256:545fc04f2d592e4350f59deb0818886c1b444ffba3bec535b4fbb97191aaf769",
                "sha256:56fd15ea8f4c948864fa5ebd9261c67cf7b89a1c517a0caef4df75446a7af18c",
                "sha256:5897242d455461f2c5b82d7397b29341fd11e85bf3608a522177071044784ee8",
                "sha256:5d350864269d56f51ab81ab750c9259ae5cad3152c0680baef143dcec92206a1",
                "sha256:5dd6eec15b13329abe66cc241b484002ecb0e17d694491c944a22410a6a9e5e2",
                "sha256:63e4c175cbce8c3adc22dca5e6154588ae673f6c55374d156f3dac732c88d7de",
                "sha256:69ef5b363afff7150a1fbe788007e307b9802a2eb6ad92ed51ab94e6ad2674c6",
                "sha256:6b62af27e65bb39276a66533655a2fa3c60a487b03935721c45b7809527979be",
                "sha256:6cd67d3d017296d98ff505529104299f78433e4b8af31b55003d901a62bbebe9",
                "sha256:718c9bd369288aca5fa929df6dbf66fdbe9768d90940a940c0b5cdc96ade4309",
                "sha256:76a35e9e19a7c883c422ffa378e9a04bc98cb3b29648c5831596401298ee51e6",
                "sha256:7947a425d1be3e744707ee58c6cb318b93a56e08f080722dcc0347e0b7a1bb9a",
                "sha256:79e7f98525b60b3c14524e0a4e1fedf7654657b6e02eb25f1be897ab097706f3",
                "sha256:7c4c82b1689b23b1b5e6a603164ed2be41b6f6de292a698b98ba2381e889eb9d",
                "sha256:7dc87073ba3a40dd65591a2100aa71602107443bf10770579ff9c8a3242edb94",
                "sha256:7f3a6aa6e70fc27e4ff5c479f13cc9fc26a56347610f5f8b50396a0d344c5f55",
                "sha256:803f255f10d63420979b1909ef976e7d30dec42025c9b067fc1d2040cc365a7e",
                "sha256:884453860de029380dded8f3c1918af2d8eb5adf8010261645c7e5c88c2b5428",
                "sha256:886882367dbc985f5736356105798f2ae6e794e671fc605476cbe2e73838a9bb",
                "sha256:8a6405d34c394c65e4f73a1d300c001f304f08e529d2ed6413b46ee3037956eb",
                "sha256:916a6abf3632e592b937c3d04c00a6efadd8fd30539cdcd4e6e4d92be7ca5d90",
                "sha256:9178277f72d144a6c7704d7ae7fa15b7b86f0f0796f0e1049c7b4ef748a662ef",
                "sha256:949b5e9eeaa4ecb4c7e9c2a4689dddce60929dd1ff9c76a889cdbabe8bbf2171",
                "sha256:94c48b4a2a4b1d22246f48e2b11cae01ec7d23f0c9123f8bb822839ad79d0a88",
                "sha256:96ad46f5f56f70fab2be9e5f3165a21be58d633b90bf6e67fc52a856695e4bcf",
                "sha256:98f6ebe28831a482981ecfeedc8237047878424ad0c1add2c7f366ba44a20452",
                "sha256:9eac95b4278bd53115903d89118a2c908398ee8bdfd977ae844f1bd2b02b917c",
                "sha256:a425a0a868cf8e9c6e93e1cda4b758cdfd314bb9a4fc916c5742c934e3613480",
                "sha256:a68e3724b7dab761c01816aaa64b0903734d999d5589daf97c14ef5cc0629a8e",
                "sha256:a86d5d1d75e61df060c1e56596b6b0a4422a929dff19cc3dbfd5eee762c86b61",
                "sha256:a9b8f51e08c3f983d857c3889930af9ddecc768453822076683664772d87e374",
                "sha256:aadce42147fc09dcef1afa892485311e824c050352e1aa6e47f56b9b27af4cf0",
                "sha256:ae7966f205b5a7fde93b44ca8fed37c1c8539328d7f179b1197de34eceaceb5f",
                "sha256:b0445fa9880ead81f5a7d0efc0b9c977a947d8052c43519aceeaf56eabaf6843",
                "sha256:b0732343cdc4273b5921268026dd7266f75466eb21873cb7635a200d9d9c3fac",
                "sha256:b11a127ac590fc991e8a02c2d7e1ac86e8141c92f78546f18b5c904064a0552c",
                "sha256:b33e13e537e3afd1627d421a142a12bbbe601543558a391a6fae593356842f6e",
                "sha256:b5363932a5aab67010ae1a6205c567d1ef256fb333bc23c27582481606be480c",
                "sha256:b54853c2371bf0e38d67da379519deb6fbe70055efb32f6607081641af3dc752",
                "sha256:b67cc21a14327a0eb0f47bc3d7e59ec08031c7c55220ece672f9476e7a8068d3",
                "sha256:bb0013795b40db5cf361e6f21ee7cda09627cf294977149b50e217d7fe9a2f03",
                "sha256:bd393683129f446a75d8634306aed7e377627098a1286ff3af2a4f1736742820",
                "sha256:c038b9939da3035afb6cb2f465f18163e8f070aba0482923ecff9443def67178",
                "sha256:c50bc308fa29767ed8f53a8d33b7633a9e14718ced038ed89d41b886e301da32",
                "sha256:c582c46b1bb0b19f1a5f4c1312f1b640c21d78c371a6615c34025b16ee56369b",
                "sha256:c77a7330dd15c7eb5fd3631dc646fc96327f98db8181138766bd14d3e905f0ba",
                "sha256:c9e29a13d2fd9be3e7d8c26c7ef4ba60b5bc7efbc9dbdf24454c7e9ebba31768",
                "sha256:ca366c2e2a54e2f663f4529b189fdeb6e14d419b1c78b754ec1744f3c01070d4",
                "sha256:ce19887268e90ee81a3957eef5e46a70ecc000713796639f83828b950343f49e",
                "sha256:cffbc50e0767396ed483900900dd58ce4351bc0d40e64bced8694bd41864cc71",
                "sha256:d29d1b9857c65f8cb3a29270732e1591b9bacf89de9d13fa764f79f07d8f1fd2",
                "sha256:d4688862f957c8629d557d084f20b2d803f8738b6c4066802a0b1cc472e088d9",
                "sha256:e5ddb2388610799fc46abe389600625058f2a73867e63e20107c5ad5ffa57c47",
                "sha256:e89605afebbd2d4b045bccfdc12a14b16fe8ccbae05f64b4b4c64a97dad1c891",
                "sha256:ea2da0459b951ee461bd4e02b8904890bd1c4263999d291c5cd01e6620177ad4",
                "sha256:ec9139baa3f85b65adc700eafa03ed04995ca8533dd56c924f0e458ffec044ab",
                "sha256:eda4c661e68dddd56c8fbfe1ca35e40dd2afd973f7ebb1605f4d151edc63dff8",
                "sha256:f0a547e4350d1fa32624d3eab51eff8cf329f4cae110b4ea0402486b1da8be40",
                "sha256:f39a2a5ded23b9b9194ec45740dce57177b80f86c6d8eba953d3ff1a25c97766",
                "sha256:f3a0bda83c18195c361b5500377d0767749f128564ca95b42c8849fd475bb327",
                "sha256:f744b5eb1469bf92dd143d36570d2bdbbdc88fe5cb0b5405e53dd34f479cbd8a",
                "sha256:f9f0bbfb6787b97c51516f3ccf97737d504db5d239ad44527673b81f598b84ab",
                "sha256:fa9720e56663cc3649d62b4b5f3145e94b8f5611e8a8e1b46507777249d46aad",
                "sha256:fb6ec40cef63b1922083d33bfef2f91fc0b0bc07b5b09bfee0b0f1717d558292",
                "sha256:fe5231e8afd069c742ac5b4f96344a0fe4aff52df8e53ef87faebf77f827822c"
            ],
            "markers": "python_version >= '3.9'",
            "version": "==3.10.0"
        },
        "tqdm": {
            "hashes": [
                "sha256:90279a3770753eafc9194a0364852159802111925aa30eb3f9d85b0e805ac7cd",
                "sha256:e1020aef2e5096702d8a025ac7d16b1577279c9d63f8375b63083e9a5f0fcbad"
            ],
            "index": "pypi",
            "markers": "python_version >= '3.7'",
            "version": "==4.66.5"
        },
        "urllib3": {
            "hashes": [
                "sha256:ca899ca043dcb1bafa3e262d73aa25c465bfb49e0bd9dd5d59f1d0acba2f8fac",
                "sha256:e7d814a81dad81e6caf2ec9fdedb284ecc9c73076b62654547cc64ccdcae26e9"
            ],
            "markers": "python_version >= '3.8'",
            "version": "==2.2.3"
        },
        "werkzeug": {
            "hashes": [
                "sha256:02c9eb92b7d6c06f31a782811505d2157837cea66aaede3e217c7c27c039476c",
                "sha256:34f2371506b250df4d4f84bfe7b0921e4762525762bbd936614909fe25cd7306"
            ],
            "markers": "python_version >= '3.8'",
            "version": "==3.0.4"
        }
    },
    "develop": {}
}
